// !$*UTF8*$!
{
	archiveVersion = 1;
	classes = {
	};
	objectVersion = 46;
	objects = {

/* Begin PBXBuildFile section */
		E7FE0E381CA14E0700378BE4 /* main.m in Sources */ = {isa = PBXBuildFile; fileRef = E7FE0E371CA14E0700378BE4 /* main.m */; };
		E7FE0E3B1CA14E0700378BE4 /* AppDelegate.m in Sources */ = {isa = PBXBuildFile; fileRef = E7FE0E3A1CA14E0700378BE4 /* AppDelegate.m */; };
		E7FE0E3E1CA14E0700378BE4 /* ViewController.m in Sources */ = {isa = PBXBuildFile; fileRef = E7FE0E3D1CA14E0700378BE4 /* ViewController.m */; };
		E7FE0E411CA14E0700378BE4 /* Main.storyboard in Resources */ = {isa = PBXBuildFile; fileRef = E7FE0E3F1CA14E0700378BE4 /* Main.storyboard */; };
		E7FE0E431CA14E0700378BE4 /* Assets.xcassets in Resources */ = {isa = PBXBuildFile; fileRef = E7FE0E421CA14E0700378BE4 /* Assets.xcassets */; };
		E7FE0E461CA14E0700378BE4 /* LaunchScreen.storyboard in Resources */ = {isa = PBXBuildFile; fileRef = E7FE0E441CA14E0700378BE4 /* LaunchScreen.storyboard */; };
		E7FE0E511CA14E0800378BE4 /* Test_DemoTests.m in Sources */ = {isa = PBXBuildFile; fileRef = E7FE0E501CA14E0800378BE4 /* Test_DemoTests.m */; };
		E7FE0E5C1CA14E0800378BE4 /* Test_DemoUITests.m in Sources */ = {isa = PBXBuildFile; fileRef = E7FE0E5B1CA14E0800378BE4 /* Test_DemoUITests.m */; };
/* End PBXBuildFile section */

/* Begin PBXContainerItemProxy section */
		E7FE0E4D1CA14E0700378BE4 /* PBXContainerItemProxy */ = {
			isa = PBXContainerItemProxy;
			containerPortal = E7FE0E2B1CA14E0700378BE4 /* Project object */;
			proxyType = 1;
			remoteGlobalIDString = E7FE0E321CA14E0700378BE4;
			remoteInfo = Test_Demo;
		};
		E7FE0E581CA14E0800378BE4 /* PBXContainerItemProxy */ = {
			isa = PBXContainerItemProxy;
			containerPortal = E7FE0E2B1CA14E0700378BE4 /* Project object */;
			proxyType = 1;
			remoteGlobalIDString = E7FE0E321CA14E0700378BE4;
			remoteInfo = Test_Demo;
		};
/* End PBXContainerItemProxy section */

/* Begin PBXFileReference section */
		E7FE0E331CA14E0700378BE4 /* Test_Demo.app */ = {isa = PBXFileReference; explicitFileType = wrapper.application; includeInIndex = 0; path = Test_Demo.app; sourceTree = BUILT_PRODUCTS_DIR; };
		E7FE0E371CA14E0700378BE4 /* main.m */ = {isa = PBXFileReference; lastKnownFileType = sourcecode.c.objc; path = main.m; sourceTree = "<group>"; };
		E7FE0E391CA14E0700378BE4 /* AppDelegate.h */ = {isa = PBXFileReference; lastKnownFileType = sourcecode.c.h; path = AppDelegate.h; sourceTree = "<group>"; };
		E7FE0E3A1CA14E0700378BE4 /* AppDelegate.m */ = {isa = PBXFileReference; lastKnownFileType = sourcecode.c.objc; path = AppDelegate.m; sourceTree = "<group>"; };
		E7FE0E3C1CA14E0700378BE4 /* ViewController.h */ = {isa = PBXFileReference; lastKnownFileType = sourcecode.c.h; path = ViewController.h; sourceTree = "<group>"; };
		E7FE0E3D1CA14E0700378BE4 /* ViewController.m */ = {isa = PBXFileReference; lastKnownFileType = sourcecode.c.objc; path = ViewController.m; sourceTree = "<group>"; };
		E7FE0E401CA14E0700378BE4 /* Base */ = {isa = PBXFileReference; lastKnownFileType = file.storyboard; name = Base; path = Base.lproj/Main.storyboard; sourceTree = "<group>"; };
		E7FE0E421CA14E0700378BE4 /* Assets.xcassets */ = {isa = PBXFileReference; lastKnownFileType = folder.assetcatalog; path = Assets.xcassets; sourceTree = "<group>"; };
		E7FE0E451CA14E0700378BE4 /* Base */ = {isa = PBXFileReference; lastKnownFileType = file.storyboard; name = Base; path = Base.lproj/LaunchScreen.storyboard; sourceTree = "<group>"; };
		E7FE0E471CA14E0700378BE4 /* Info.plist */ = {isa = PBXFileReference; lastKnownFileType = text.plist.xml; path = Info.plist; sourceTree = "<group>"; };
		E7FE0E4C1CA14E0700378BE4 /* Test_DemoTests.xctest */ = {isa = PBXFileReference; explicitFileType = wrapper.cfbundle; includeInIndex = 0; path = Test_DemoTests.xctest; sourceTree = BUILT_PRODUCTS_DIR; };
		E7FE0E501CA14E0800378BE4 /* Test_DemoTests.m */ = {isa = PBXFileReference; lastKnownFileType = sourcecode.c.objc; path = Test_DemoTests.m; sourceTree = "<group>"; };
		E7FE0E521CA14E0800378BE4 /* Info.plist */ = {isa = PBXFileReference; lastKnownFileType = text.plist.xml; path = Info.plist; sourceTree = "<group>"; };
		E7FE0E571CA14E0800378BE4 /* Test_DemoUITests.xctest */ = {isa = PBXFileReference; explicitFileType = wrapper.cfbundle; includeInIndex = 0; path = Test_DemoUITests.xctest; sourceTree = BUILT_PRODUCTS_DIR; };
		E7FE0E5B1CA14E0800378BE4 /* Test_DemoUITests.m */ = {isa = PBXFileReference; lastKnownFileType = sourcecode.c.objc; path = Test_DemoUITests.m; sourceTree = "<group>"; };
		E7FE0E5D1CA14E0800378BE4 /* Info.plist */ = {isa = PBXFileReference; lastKnownFileType = text.plist.xml; path = Info.plist; sourceTree = "<group>"; };
/* End PBXFileReference section */

/* Begin PBXFrameworksBuildPhase section */
		E7FE0E301CA14E0700378BE4 /* Frameworks */ = {
			isa = PBXFrameworksBuildPhase;
			buildActionMask = 2147483647;
			files = (
			);
			runOnlyForDeploymentPostprocessing = 0;
		};
		E7FE0E491CA14E0700378BE4 /* Frameworks */ = {
			isa = PBXFrameworksBuildPhase;
			buildActionMask = 2147483647;
			files = (
			);
			runOnlyForDeploymentPostprocessing = 0;
		};
		E7FE0E541CA14E0800378BE4 /* Frameworks */ = {
			isa = PBXFrameworksBuildPhase;
			buildActionMask = 2147483647;
			files = (
			);
			runOnlyForDeploymentPostprocessing = 0;
		};
/* End PBXFrameworksBuildPhase section */

/* Begin PBXGroup section */
		E7FE0E2A1CA14E0700378BE4 = {
			isa = PBXGroup;
			children = (
				E7FE0E351CA14E0700378BE4 /* Test_Demo */,
				E7FE0E4F1CA14E0700378BE4 /* Test_DemoTests */,
				E7FE0E5A1CA14E0800378BE4 /* Test_DemoUITests */,
				E7FE0E341CA14E0700378BE4 /* Products */,
			);
			sourceTree = "<group>";
		};
		E7FE0E341CA14E0700378BE4 /* Products */ = {
			isa = PBXGroup;
			children = (
				E7FE0E331CA14E0700378BE4 /* Test_Demo.app */,
				E7FE0E4C1CA14E0700378BE4 /* Test_DemoTests.xctest */,
				E7FE0E571CA14E0800378BE4 /* Test_DemoUITests.xctest */,
			);
			name = Products;
			sourceTree = "<group>";
		};
		E7FE0E351CA14E0700378BE4 /* Test_Demo */ = {
			isa = PBXGroup;
			children = (
				E7FE0E391CA14E0700378BE4 /* AppDelegate.h */,
				E7FE0E3A1CA14E0700378BE4 /* AppDelegate.m */,
				E7FE0E3C1CA14E0700378BE4 /* ViewController.h */,
				E7FE0E3D1CA14E0700378BE4 /* ViewController.m */,
				E7FE0E3F1CA14E0700378BE4 /* Main.storyboard */,
				E7FE0E421CA14E0700378BE4 /* Assets.xcassets */,
				E7FE0E441CA14E0700378BE4 /* LaunchScreen.storyboard */,
				E7FE0E471CA14E0700378BE4 /* Info.plist */,
				E7FE0E361CA14E0700378BE4 /* Supporting Files */,
			);
			path = Test_Demo;
			sourceTree = "<group>";
		};
		E7FE0E361CA14E0700378BE4 /* Supporting Files */ = {
			isa = PBXGroup;
			children = (
				E7FE0E371CA14E0700378BE4 /* main.m */,
			);
			name = "Supporting Files";
			sourceTree = "<group>";
		};
		E7FE0E4F1CA14E0700378BE4 /* Test_DemoTests */ = {
			isa = PBXGroup;
			children = (
				E7FE0E501CA14E0800378BE4 /* Test_DemoTests.m */,
				E7FE0E521CA14E0800378BE4 /* Info.plist */,
			);
			path = Test_DemoTests;
			sourceTree = "<group>";
		};
		E7FE0E5A1CA14E0800378BE4 /* Test_DemoUITests */ = {
			isa = PBXGroup;
			children = (
				E7FE0E5B1CA14E0800378BE4 /* Test_DemoUITests.m */,
				E7FE0E5D1CA14E0800378BE4 /* Info.plist */,
			);
			path = Test_DemoUITests;
			sourceTree = "<group>";
		};
/* End PBXGroup section */

/* Begin PBXNativeTarget section */
		E7FE0E321CA14E0700378BE4 /* Test_Demo */ = {
			isa = PBXNativeTarget;
			buildConfigurationList = E7FE0E601CA14E0800378BE4 /* Build configuration list for PBXNativeTarget "Test_Demo" */;
			buildPhases = (
				E7FE0E2F1CA14E0700378BE4 /* Sources */,
				E7FE0E301CA14E0700378BE4 /* Frameworks */,
				E7FE0E311CA14E0700378BE4 /* Resources */,
			);
			buildRules = (
			);
			dependencies = (
			);
			name = Test_Demo;
			productName = Test_Demo;
			productReference = E7FE0E331CA14E0700378BE4 /* Test_Demo.app */;
			productType = "com.apple.product-type.application";
		};
		E7FE0E4B1CA14E0700378BE4 /* Test_DemoTests */ = {
			isa = PBXNativeTarget;
			buildConfigurationList = E7FE0E631CA14E0800378BE4 /* Build configuration list for PBXNativeTarget "Test_DemoTests" */;
			buildPhases = (
				E7FE0E481CA14E0700378BE4 /* Sources */,
				E7FE0E491CA14E0700378BE4 /* Frameworks */,
				E7FE0E4A1CA14E0700378BE4 /* Resources */,
			);
			buildRules = (
			);
			dependencies = (
				E7FE0E4E1CA14E0700378BE4 /* PBXTargetDependency */,
			);
			name = Test_DemoTests;
			productName = Test_DemoTests;
			productReference = E7FE0E4C1CA14E0700378BE4 /* Test_DemoTests.xctest */;
			productType = "com.apple.product-type.bundle.unit-test";
		};
		E7FE0E561CA14E0800378BE4 /* Test_DemoUITests */ = {
			isa = PBXNativeTarget;
			buildConfigurationList = E7FE0E661CA14E0800378BE4 /* Build configuration list for PBXNativeTarget "Test_DemoUITests" */;
			buildPhases = (
				E7FE0E531CA14E0800378BE4 /* Sources */,
				E7FE0E541CA14E0800378BE4 /* Frameworks */,
				E7FE0E551CA14E0800378BE4 /* Resources */,
			);
			buildRules = (
			);
			dependencies = (
				E7FE0E591CA14E0800378BE4 /* PBXTargetDependency */,
			);
			name = Test_DemoUITests;
			productName = Test_DemoUITests;
			productReference = E7FE0E571CA14E0800378BE4 /* Test_DemoUITests.xctest */;
			productType = "com.apple.product-type.bundle.ui-testing";
		};
/* End PBXNativeTarget section */

/* Begin PBXProject section */
		E7FE0E2B1CA14E0700378BE4 /* Project object */ = {
			isa = PBXProject;
			attributes = {
				LastUpgradeCheck = 0720;
				ORGANIZATIONNAME = rc;
				TargetAttributes = {
					E7FE0E321CA14E0700378BE4 = {
						CreatedOnToolsVersion = 7.2.1;
					};
					E7FE0E4B1CA14E0700378BE4 = {
						CreatedOnToolsVersion = 7.2.1;
						TestTargetID = E7FE0E321CA14E0700378BE4;
					};
					E7FE0E561CA14E0800378BE4 = {
						CreatedOnToolsVersion = 7.2.1;
						TestTargetID = E7FE0E321CA14E0700378BE4;
					};
				};
			};
			buildConfigurationList = E7FE0E2E1CA14E0700378BE4 /* Build configuration list for PBXProject "Test_Demo" */;
			compatibilityVersion = "Xcode 3.2";
			developmentRegion = English;
			hasScannedForEncodings = 0;
			knownRegions = (
				en,
				Base,
			);
			mainGroup = E7FE0E2A1CA14E0700378BE4;
			productRefGroup = E7FE0E341CA14E0700378BE4 /* Products */;
			projectDirPath = "";
			projectRoot = "";
			targets = (
				E7FE0E321CA14E0700378BE4 /* Test_Demo */,
				E7FE0E4B1CA14E0700378BE4 /* Test_DemoTests */,
				E7FE0E561CA14E0800378BE4 /* Test_DemoUITests */,
			);
		};
/* End PBXProject section */

/* Begin PBXResourcesBuildPhase section */
		E7FE0E311CA14E0700378BE4 /* Resources */ = {
			isa = PBXResourcesBuildPhase;
			buildActionMask = 2147483647;
			files = (
				E7FE0E461CA14E0700378BE4 /* LaunchScreen.storyboard in Resources */,
				E7FE0E431CA14E0700378BE4 /* Assets.xcassets in Resources */,
				E7FE0E411CA14E0700378BE4 /* Main.storyboard in Resources */,
			);
			runOnlyForDeploymentPostprocessing = 0;
		};
		E7FE0E4A1CA14E0700378BE4 /* Resources */ = {
			isa = PBXResourcesBuildPhase;
			buildActionMask = 2147483647;
			files = (
			);
			runOnlyForDeploymentPostprocessing = 0;
		};
		E7FE0E551CA14E0800378BE4 /* Resources */ = {
			isa = PBXResourcesBuildPhase;
			buildActionMask = 2147483647;
			files = (
			);
			runOnlyForDeploymentPostprocessing = 0;
		};
/* End PBXResourcesBuildPhase section */

/* Begin PBXSourcesBuildPhase section */
		E7FE0E2F1CA14E0700378BE4 /* Sources */ = {
			isa = PBXSourcesBuildPhase;
			buildActionMask = 2147483647;
			files = (
				E7FE0E3E1CA14E0700378BE4 /* ViewController.m in Sources */,
				E7FE0E3B1CA14E0700378BE4 /* AppDelegate.m in Sources */,
				E7FE0E381CA14E0700378BE4 /* main.m in Sources */,
			);
			runOnlyForDeploymentPostprocessing = 0;
		};
		E7FE0E481CA14E0700378BE4 /* Sources */ = {
			isa = PBXSourcesBuildPhase;
			buildActionMask = 2147483647;
			files = (
				E7FE0E511CA14E0800378BE4 /* Test_DemoTests.m in Sources */,
			);
			runOnlyForDeploymentPostprocessing = 0;
		};
		E7FE0E531CA14E0800378BE4 /* Sources */ = {
			isa = PBXSourcesBuildPhase;
			buildActionMask = 2147483647;
			files = (
				E7FE0E5C1CA14E0800378BE4 /* Test_DemoUITests.m in Sources */,
			);
			runOnlyForDeploymentPostprocessing = 0;
		};
/* End PBXSourcesBuildPhase section */

/* Begin PBXTargetDependency section */
		E7FE0E4E1CA14E0700378BE4 /* PBXTargetDependency */ = {
			isa = PBXTargetDependency;
			target = E7FE0E321CA14E0700378BE4 /* Test_Demo */;
			targetProxy = E7FE0E4D1CA14E0700378BE4 /* PBXContainerItemProxy */;
		};
		E7FE0E591CA14E0800378BE4 /* PBXTargetDependency */ = {
			isa = PBXTargetDependency;
			target = E7FE0E321CA14E0700378BE4 /* Test_Demo */;
			targetProxy = E7FE0E581CA14E0800378BE4 /* PBXContainerItemProxy */;
		};
/* End PBXTargetDependency section */

/* Begin PBXVariantGroup section */
		E7FE0E3F1CA14E0700378BE4 /* Main.storyboard */ = {
			isa = PBXVariantGroup;
			children = (
				E7FE0E401CA14E0700378BE4 /* Base */,
			);
			name = Main.storyboard;
			sourceTree = "<group>";
		};
		E7FE0E441CA14E0700378BE4 /* LaunchScreen.storyboard */ = {
			isa = PBXVariantGroup;
			children = (
				E7FE0E451CA14E0700378BE4 /* Base */,
			);
			name = LaunchScreen.storyboard;
			sourceTree = "<group>";
		};
/* End PBXVariantGroup section */

/* Begin XCBuildConfiguration section */
		E7FE0E5E1CA14E0800378BE4 /* Debug */ = {
			isa = XCBuildConfiguration;
			buildSettings = {
				ALWAYS_SEARCH_USER_PATHS = NO;
				CLANG_CXX_LANGUAGE_STANDARD = "gnu++0x";
				CLANG_CXX_LIBRARY = "libc++";
				CLANG_ENABLE_MODULES = YES;
				CLANG_ENABLE_OBJC_ARC = YES;
				CLANG_WARN_BOOL_CONVERSION = YES;
				CLANG_WARN_CONSTANT_CONVERSION = YES;
				CLANG_WARN_DIRECT_OBJC_ISA_USAGE = YES_ERROR;
				CLANG_WARN_EMPTY_BODY = YES;
				CLANG_WARN_ENUM_CONVERSION = YES;
				CLANG_WARN_INT_CONVERSION = YES;
				CLANG_WARN_OBJC_ROOT_CLASS = YES_ERROR;
				CLANG_WARN_UNREACHABLE_CODE = YES;
				CLANG_WARN__DUPLICATE_METHOD_MATCH = YES;
				"CODE_SIGN_IDENTITY[sdk=iphoneos*]" = "iPhone Developer";
				COPY_PHASE_STRIP = NO;
				DEBUG_INFORMATION_FORMAT = dwarf;
				ENABLE_STRICT_OBJC_MSGSEND = YES;
				ENABLE_TESTABILITY = YES;
				GCC_C_LANGUAGE_STANDARD = gnu99;
				GCC_DYNAMIC_NO_PIC = NO;
				GCC_NO_COMMON_BLOCKS = YES;
				GCC_OPTIMIZATION_LEVEL = 0;
				GCC_PREPROCESSOR_DEFINITIONS = (
					"DEBUG=1",
					"$(inherited)",
				);
				GCC_WARN_64_TO_32_BIT_CONVERSION = YES;
				GCC_WARN_ABOUT_RETURN_TYPE = YES_ERROR;
				GCC_WARN_UNDECLARED_SELECTOR = YES;
				GCC_WARN_UNINITIALIZED_AUTOS = YES_AGGRESSIVE;
				GCC_WARN_UNUSED_FUNCTION = YES;
				GCC_WARN_UNUSED_VARIABLE = YES;
				IPHONEOS_DEPLOYMENT_TARGET = 9.2;
				MTL_ENABLE_DEBUG_INFO = YES;
				ONLY_ACTIVE_ARCH = YES;
				SDKROOT = iphoneos;
				TARGETED_DEVICE_FAMILY = "1,2";
			};
			name = Debug;
		};
		E7FE0E5F1CA14E0800378BE4 /* Release */ = {
			isa = XCBuildConfiguration;
			buildSettings = {
				ALWAYS_SEARCH_USER_PATHS = NO;
				CLANG_CXX_LANGUAGE_STANDARD = "gnu++0x";
				CLANG_CXX_LIBRARY = "libc++";
				CLANG_ENABLE_MODULES = YES;
				CLANG_ENABLE_OBJC_ARC = YES;
				CLANG_WARN_BOOL_CONVERSION = YES;
				CLANG_WARN_CONSTANT_CONVERSION = YES;
				CLANG_WARN_DIRECT_OBJC_ISA_USAGE = YES_ERROR;
				CLANG_WARN_EMPTY_BODY = YES;
				CLANG_WARN_ENUM_CONVERSION = YES;
				CLANG_WARN_INT_CONVERSION = YES;
				CLANG_WARN_OBJC_ROOT_CLASS = YES_ERROR;
				CLANG_WARN_UNREACHABLE_CODE = YES;
				CLANG_WARN__DUPLICATE_METHOD_MATCH = YES;
				"CODE_SIGN_IDENTITY[sdk=iphoneos*]" = "iPhone Developer";
				COPY_PHASE_STRIP = NO;
				DEBUG_INFORMATION_FORMAT = "dwarf-with-dsym";
				ENABLE_NS_ASSERTIONS = NO;
				ENABLE_STRICT_OBJC_MSGSEND = YES;
				GCC_C_LANGUAGE_STANDARD = gnu99;
				GCC_NO_COMMON_BLOCKS = YES;
				GCC_WARN_64_TO_32_BIT_CONVERSION = YES;
				GCC_WARN_ABOUT_RETURN_TYPE = YES_ERROR;
				GCC_WARN_UNDECLARED_SELECTOR = YES;
				GCC_WARN_UNINITIALIZED_AUTOS = YES_AGGRESSIVE;
				GCC_WARN_UNUSED_FUNCTION = YES;
				GCC_WARN_UNUSED_VARIABLE = YES;
				IPHONEOS_DEPLOYMENT_TARGET = 9.2;
				MTL_ENABLE_DEBUG_INFO = NO;
				SDKROOT = iphoneos;
				TARGETED_DEVICE_FAMILY = "1,2";
				VALIDATE_PRODUCT = YES;
			};
			name = Release;
		};
		E7FE0E611CA14E0800378BE4 /* Debug */ = {
			isa = XCBuildConfiguration;
			buildSettings = {
				ASSETCATALOG_COMPILER_APPICON_NAME = AppIcon;
				INFOPLIST_FILE = Test_Demo/Info.plist;
				LD_RUNPATH_SEARCH_PATHS = "$(inherited) @executable_path/Frameworks";
				PRODUCT_BUNDLE_IDENTIFIER = "shihui.Test-Demo";
				PRODUCT_NAME = "$(TARGET_NAME)";
			};
			name = Debug;
		};
		E7FE0E621CA14E0800378BE4 /* Release */ = {
			isa = XCBuildConfiguration;
			buildSettings = {
				ASSETCATALOG_COMPILER_APPICON_NAME = AppIcon;
				INFOPLIST_FILE = Test_Demo/Info.plist;
				LD_RUNPATH_SEARCH_PATHS = "$(inherited) @executable_path/Frameworks";
				PRODUCT_BUNDLE_IDENTIFIER = "shihui.Test-Demo";
				PRODUCT_NAME = "$(TARGET_NAME)";
			};
			name = Release;
		};
		E7FE0E641CA14E0800378BE4 /* Debug */ = {
			isa = XCBuildConfiguration;
			buildSettings = {
				BUNDLE_LOADER = "$(TEST_HOST)";
				INFOPLIST_FILE = Test_DemoTests/Info.plist;
				LD_RUNPATH_SEARCH_PATHS = "$(inherited) @executable_path/Frameworks @loader_path/Frameworks";
				PRODUCT_BUNDLE_IDENTIFIER = "shihui.Test-DemoTests";
				PRODUCT_NAME = "$(TARGET_NAME)";
				TEST_HOST = "$(BUILT_PRODUCTS_DIR)/Test_Demo.app/Test_Demo";
			};
			name = Debug;
		};
		E7FE0E651CA14E0800378BE4 /* Release */ = {
			isa = XCBuildConfiguration;
			buildSettings = {
				BUNDLE_LOADER = "$(TEST_HOST)";
				INFOPLIST_FILE = Test_DemoTests/Info.plist;
				LD_RUNPATH_SEARCH_PATHS = "$(inherited) @executable_path/Frameworks @loader_path/Frameworks";
				PRODUCT_BUNDLE_IDENTIFIER = "shihui.Test-DemoTests";
				PRODUCT_NAME = "$(TARGET_NAME)";
				TEST_HOST = "$(BUILT_PRODUCTS_DIR)/Test_Demo.app/Test_Demo";
			};
			name = Release;
		};
		E7FE0E671CA14E0800378BE4 /* Debug */ = {
			isa = XCBuildConfiguration;
			buildSettings = {
				INFOPLIST_FILE = Test_DemoUITests/Info.plist;
				LD_RUNPATH_SEARCH_PATHS = "$(inherited) @executable_path/Frameworks @loader_path/Frameworks";
				PRODUCT_BUNDLE_IDENTIFIER = "shihui.Test-DemoUITests";
				PRODUCT_NAME = "$(TARGET_NAME)";
				TEST_TARGET_NAME = Test_Demo;
				USES_XCTRUNNER = YES;
			};
			name = Debug;
		};
		E7FE0E681CA14E0800378BE4 /* Release */ = {
			isa = XCBuildConfiguration;
			buildSettings = {
				INFOPLIST_FILE = Test_DemoUITests/Info.plist;
				LD_RUNPATH_SEARCH_PATHS = "$(inherited) @executable_path/Frameworks @loader_path/Frameworks";
				PRODUCT_BUNDLE_IDENTIFIER = "shihui.Test-DemoUITests";
				PRODUCT_NAME = "$(TARGET_NAME)";
				TEST_TARGET_NAME = Test_Demo;
				USES_XCTRUNNER = YES;
			};
			name = Release;
		};
/* End XCBuildConfiguration section */

/* Begin XCConfigurationList section */
		E7FE0E2E1CA14E0700378BE4 /* Build configuration list for PBXProject "Test_Demo" */ = {
			isa = XCConfigurationList;
			buildConfigurations = (
				E7FE0E5E1CA14E0800378BE4 /* Debug */,
				E7FE0E5F1CA14E0800378BE4 /* Release */,
			);
			defaultConfigurationIsVisible = 0;
			defaultConfigurationName = Release;
		};
		E7FE0E601CA14E0800378BE4 /* Build configuration list for PBXNativeTarget "Test_Demo" */ = {
			isa = XCConfigurationList;
			buildConfigurations = (
				E7FE0E611CA14E0800378BE4 /* Debug */,
				E7FE0E621CA14E0800378BE4 /* Release */,
			);
			defaultConfigurationIsVisible = 0;
		};
		E7FE0E631CA14E0800378BE4 /* Build configuration list for PBXNativeTarget "Test_DemoTests" */ = {
			isa = XCConfigurationList;
			buildConfigurations = (
				E7FE0E641CA14E0800378BE4 /* Debug */,
				E7FE0E651CA14E0800378BE4 /* Release */,
			);
			defaultConfigurationIsVisible = 0;
		};
		E7FE0E661CA14E0800378BE4 /* Build configuration list for PBXNativeTarget "Test_DemoUITests" */ = {
			isa = XCConfigurationList;
			buildConfigurations = (
				E7FE0E671CA14E0800378BE4 /* Debug */,
				E7FE0E681CA14E0800378BE4 /* Release */,
			);
			defaultConfigurationIsVisible = 0;
		};
/* End XCConfigurationList section */
	};
	rootObject = E7FE0E2B1CA14E0700378BE4 /* Project object */;
}
